
Microsoft Visual Studio Solution File, Format Version 12.00
# Visual Studio Version 17
VisualStudioVersion = 17.9.34902.65
MinimumVisualStudioVersion = 10.0.40219.1
Project("{9A19103F-16F7-4668-BE54-9A1E7A4F7556}") = "ProjectTrade", "ProjectTrade.csproj", "{715A4643-666D-4CA2-9501-F7E3940AB6F8}"
EndProject
Global
	GlobalSection(SolutionConfigurationPlatforms) = preSolution
		Debug|Any CPU = Debug|Any CPU
		Release|Any CPU = Release|Any CPU
	EndGlobalSection
	GlobalSection(ProjectConfigurationPlatforms) = postSolution
		{715A4643-666D-4CA2-9501-F7E3940AB6F8}.Debug|Any CPU.ActiveCfg = Debug|Any CPU
		{715A4643-666D-4CA2-9501-F7E3940AB6F8}.Debug|Any CPU.Build.0 = Debug|Any CPU
		{715A4643-666D-4CA2-9501-F7E3940AB6F8}.Release|Any CPU.ActiveCfg = Release|Any CPU
		{715A4643-666D-4CA2-9501-F7E3940AB6F8}.Release|Any CPU.Build.0 = Release|Any CPU
	EndGlobalSection
	GlobalSection(SolutionProperties) = preSolution
		HideSolutionNode = FALSE
	EndGlobalSection
	GlobalSection(ExtensibilityGlobals) = postSolution
		SolutionGuid = {F4F06F1A-3B61-4797-A671-BB554F6A5CD3}
	EndGlobalSection
EndGlobal
